<Solution Description="Visual Studio slnx file generated by Premake" Version="1.4">
  <Configurations>
    <BuildType Name="Benchmark" />
    <BuildType Name="Benchmark_Debug" />
    <BuildType Name="Debug" />
    <BuildType Name="ObjViewer" />
    <BuildType Name="Release" />
    <Platform Name="x64" />
  </Configurations>
  <Project Path="Source\Editor\HitoriEditor.vcxproj" Id="fbee0e97-e751-9e3b-90d7-d6f17c196abe" />
  <Project Path="Source\Runtime\HitoriEngine.vcxproj" Id="4a9cc297-36ff-513c-df84-8af2cbc61dbf" />
  <Project Path="Source\ThirdParty\ImGui\ImGui.vcxproj" Id="c0ff640d-2c14-8dbe-f595-301e616989ef" />
</Solution>